{
  "version": 4,
  "terraform_version": "1.14.1",
  "serial": 1,
  "lineage": "c8335327-eb3f-d312-b4e6-1050040e2476",
  "outputs": {
    "url": {
      "value": "https://practice-frontend-436oynftqa-uc.a.run.app",
      "type": "string"
    }
  },
  "resources": [
    {
      "mode": "managed",
      "type": "google_cloud_run_v2_service",
      "name": "service",
      "provider": "provider[\"registry.terraform.io/hashicorp/google\"]",
      "instances": [
        {
          "schema_version": 0,
          "attributes": {
            "annotations": {},
            "binary_authorization": [],
            "client": "",
            "client_version": "",
            "conditions": [
              {
                "execution_reason": "",
                "last_transition_time": "2026-09-17T11:14:41.522264Z",
                "message": "",
                "reason": "",
                "revision_reason": "",
                "severity": "",
                "state": "CONDITION_SUCCEEDED",
                "type": "RoutesReady"
              },
              {
                "execution_reason": "",
                "last_transition_time": "2026-09-17T11:14:23.089929Z",
                "message": "",
                "reason": "",
                "revision_reason": "",
                "severity": "",
                "state": "CONDITION_SUCCEEDED",
                "type": "ConfigurationsReady"
              }
            ],
            "create_time": "2026-09-17T11:14:19.875798Z",
            "creator": "terraform-deployer@practice-frontend-508908.iam.gserviceaccount.com",
            "custom_audiences": [],
            "delete_time": "",
            "description": "",
            "effective_annotations": {},
            "effective_labels": {},
            "etag": "\"CIuXr9UGEPC7zqED/cHJvamVjdHMvcHJhY3RpY2UtZnJvbnRlbmQtNTA4OTA4L2xvY2F0aW9ucy91cy1jZW50cmFsMS9zZXJ2aWNlcy9wcmFjdGljZS1mcm9udGVuZA\"",
            "expire_time": "",
            "generation": "1",
            "id": "projects/practice-frontend-508908/locations/us-central1/services/practice-frontend",
            "ingress": "INGRESS_TRAFFIC_ALL",
            "labels": {},
            "last_modifier": "terraform-deployer@practice-frontend-508908.iam.gserviceaccount.com",
            "latest_created_revision": "projects/practice-frontend-508908/locations/us-central1/services/practice-frontend/revisions/practice-frontend-00001-rj7",
            "latest_ready_revision": "projects/practice-frontend-508908/locations/us-central1/services/practice-frontend/revisions/practice-frontend-00001-rj7",
            "launch_stage": "GA",
            "location": "us-central1",
            "name": "practice-frontend",
            "observed_generation": "1",
            "project": "practice-frontend-508908",
            "reconciling": false,
            "template": [
              {
                "annotations": {},
                "containers": [
                  {
                    "args": [],
                    "command": [],
                    "depends_on": [],
                    "env": [],
                    "image": "us-central1-docker.pkg.dev/practice-frontend-508908/gcp-practice-frontend/my-app:d08b74deedb622a645a8e79060771adc2b873108",
                    "liveness_probe": [],
                    "name": "",
                    "ports": [
                      {
                        "container_port": 8080,
                        "name": "http1"
                      }
                    ],
                    "resources": [
                      {
                        "cpu_idle": false,
                        "limits": {
                          "cpu": "1",
                          "memory": "512Mi"
                        },
                        "startup_cpu_boost": false
                      }
                    ],
                    "startup_probe": [
                      {
                        "failure_threshold": 1,
                        "grpc": [],
                        "http_get": [],
                        "initial_delay_seconds": 0,
                        "period_seconds": 240,
                        "tcp_socket": [
                          {
                            "port": 8080
                          }
                        ],
                        "timeout_seconds": 240
                      }
                    ],
                    "volume_mounts": [],
                    "working_dir": ""
                  }
                ],
                "encryption_key": "",
                "execution_environment": "",
                "labels": {},
                "max_instance_request_concurrency": 80,
                "revision": "",
                "scaling": [],
                "service_account": "88860675708-compute@developer.gserviceaccount.com",
                "session_affinity": false,
                "timeout": "300s",
                "volumes": [],
                "vpc_access": []
              }
            ],
            "terminal_condition": [
              {
                "execution_reason": "",
                "last_transition_time": "2026-09-17T11:14:41.558313Z",
                "message": "",
                "reason": "",
                "revision_reason": "",
                "severity": "",
                "state": "CONDITION_SUCCEEDED",
                "type": "Ready"
              }
            ],
            "terraform_labels": {},
            "timeouts": null,
            "traffic": [
              {
                "percent": 100,
                "revision": "",
                "tag": "",
                "type": "TRAFFIC_TARGET_ALLOCATION_TYPE_LATEST"
              }
            ],
            "traffic_statuses": [
              {
                "percent": 100,
                "revision": "",
                "tag": "",
                "type": "TRAFFIC_TARGET_ALLOCATION_TYPE_LATEST",
                "uri": ""
              }
            ],
            "uid": "c6c5119d-3d4d-40cd-8f62-ea54f988d8a2",
            "update_time": "2026-09-17T11:14:19.875798Z",
            "uri": "https://practice-frontend-436oynftqa-uc.a.run.app"
          },
          "sensitive_attributes": [],
          "identity_schema_version": 0,
          "private": "eyJlMmJmYjczMC1lY2FhLTExZTYtOGY4OC0zNDM2M2JjN2M0YzAiOnsiY3JlYXRlIjoxMjAwMDAwMDAwMDAwLCJkZWxldGUiOjEyMDAwMDAwMDAwMDAsInVwZGF0ZSI6MTIwMDAwMDAwMDAwMH0sInNjaGVtYV92ZXJzaW9uIjoiMCJ9"
        }
      ]
    }
  ],
  "check_results": null
}
